// !$*UTF8*$!
{
	archiveVersion = 1;
	classes = {
	};
	objectVersion = 50;
	objects = {

/* Begin PBXBuildFile section */
		FAC8217C238D009200ABDFFD /* ContactDataSource.swift in Sources */ = {isa = PBXBuildFile; fileRef = FAC8217B238D009200ABDFFD /* ContactDataSource.swift */; };
		FAD45AD7238924CD00DE2CE8 /* AppDelegate.swift in Sources */ = {isa = PBXBuildFile; fileRef = FAD45AD6238924CD00DE2CE8 /* AppDelegate.swift */; };
		FAD45AD9238924CD00DE2CE8 /* SceneDelegate.swift in Sources */ = {isa = PBXBuildFile; fileRef = FAD45AD8238924CD00DE2CE8 /* SceneDelegate.swift */; };
		FAD45ADE238924CD00DE2CE8 /* Main.storyboard in Resources */ = {isa = PBXBuildFile; fileRef = FAD45ADC238924CD00DE2CE8 /* Main.storyboard */; };
		FAD45AE0238924D200DE2CE8 /* Assets.xcassets in Resources */ = {isa = PBXBuildFile; fileRef = FAD45ADF238924D200DE2CE8 /* Assets.xcassets */; };
		FAD45AE3238924D200DE2CE8 /* LaunchScreen.storyboard in Resources */ = {isa = PBXBuildFile; fileRef = FAD45AE1238924D200DE2CE8 /* LaunchScreen.storyboard */; };
		FAD45AEB2389426700DE2CE8 /* AddressBookViewController.swift in Sources */ = {isa = PBXBuildFile; fileRef = FAD45AEA2389426700DE2CE8 /* AddressBookViewController.swift */; };
		FAD45AED2389477E00DE2CE8 /* AddressCell.swift in Sources */ = {isa = PBXBuildFile; fileRef = FAD45AEC2389477E00DE2CE8 /* AddressCell.swift */; };
		FAD45AF52389480E00DE2CE8 /* Cell+ReuseIdentifier.swift in Sources */ = {isa = PBXBuildFile; fileRef = FAD45AF42389480E00DE2CE8 /* Cell+ReuseIdentifier.swift */; };
		FAD45AF823894F0200DE2CE8 /* MGCContactStore.swift in Sources */ = {isa = PBXBuildFile; fileRef = FAD45AF723894F0200DE2CE8 /* MGCContactStore.swift */; };
		FAD45AFD2389541900DE2CE8 /* Contact.swift in Sources */ = {isa = PBXBuildFile; fileRef = FAD45AFC2389541900DE2CE8 /* Contact.swift */; };
/* End PBXBuildFile section */

/* Begin PBXFileReference section */
		FAC8217B238D009200ABDFFD /* ContactDataSource.swift */ = {isa = PBXFileReference; lastKnownFileType = sourcecode.swift; path = ContactDataSource.swift; sourceTree = "<group>"; };
		FAD45AD3238924CD00DE2CE8 /* AddressBookApp.app */ = {isa = PBXFileReference; explicitFileType = wrapper.application; includeInIndex = 0; path = AddressBookApp.app; sourceTree = BUILT_PRODUCTS_DIR; };
		FAD45AD6238924CD00DE2CE8 /* AppDelegate.swift */ = {isa = PBXFileReference; lastKnownFileType = sourcecode.swift; path = AppDelegate.swift; sourceTree = "<group>"; };
		FAD45AD8238924CD00DE2CE8 /* SceneDelegate.swift */ = {isa = PBXFileReference; lastKnownFileType = sourcecode.swift; path = SceneDelegate.swift; sourceTree = "<group>"; };
		FAD45ADD238924CD00DE2CE8 /* Base */ = {isa = PBXFileReference; lastKnownFileType = file.storyboard; name = Base; path = Base.lproj/Main.storyboard; sourceTree = "<group>"; };
		FAD45ADF238924D200DE2CE8 /* Assets.xcassets */ = {isa = PBXFileReference; lastKnownFileType = folder.assetcatalog; path = Assets.xcassets; sourceTree = "<group>"; };
		FAD45AE2238924D200DE2CE8 /* Base */ = {isa = PBXFileReference; lastKnownFileType = file.storyboard; name = Base; path = Base.lproj/LaunchScreen.storyboard; sourceTree = "<group>"; };
		FAD45AE4238924D200DE2CE8 /* Info.plist */ = {isa = PBXFileReference; lastKnownFileType = text.plist.xml; path = Info.plist; sourceTree = "<group>"; };
		FAD45AEA2389426700DE2CE8 /* AddressBookViewController.swift */ = {isa = PBXFileReference; lastKnownFileType = sourcecode.swift; path = AddressBookViewController.swift; sourceTree = "<group>"; };
		FAD45AEC2389477E00DE2CE8 /* AddressCell.swift */ = {isa = PBXFileReference; lastKnownFileType = sourcecode.swift; path = AddressCell.swift; sourceTree = "<group>"; };
		FAD45AF42389480E00DE2CE8 /* Cell+ReuseIdentifier.swift */ = {isa = PBXFileReference; lastKnownFileType = sourcecode.swift; path = "Cell+ReuseIdentifier.swift"; sourceTree = "<group>"; };
		FAD45AF723894F0200DE2CE8 /* MGCContactStore.swift */ = {isa = PBXFileReference; fileEncoding = 4; lastKnownFileType = sourcecode.swift; path = MGCContactStore.swift; sourceTree = "<group>"; };
		FAD45AFC2389541900DE2CE8 /* Contact.swift */ = {isa = PBXFileReference; fileEncoding = 4; lastKnownFileType = sourcecode.swift; path = Contact.swift; sourceTree = "<group>"; };
/* End PBXFileReference section */

/* Begin PBXFrameworksBuildPhase section */
		FAD45AD0238924CD00DE2CE8 /* Frameworks */ = {
			isa = PBXFrameworksBuildPhase;
			buildActionMask = 2147483647;
			files = (
			);
			runOnlyForDeploymentPostprocessing = 0;
		};
/* End PBXFrameworksBuildPhase section */

/* Begin PBXGroup section */
		FAD45ACA238924CD00DE2CE8 = {
			isa = PBXGroup;
			children = (
				FAD45AD5238924CD00DE2CE8 /* AddressBookApp */,
				FAD45AD4238924CD00DE2CE8 /* Products */,
			);
			sourceTree = "<group>";
		};
		FAD45AD4238924CD00DE2CE8 /* Products */ = {
			isa = PBXGroup;
			children = (
				FAD45AD3238924CD00DE2CE8 /* AddressBookApp.app */,
			);
			name = Products;
			sourceTree = "<group>";
		};
		FAD45AD5238924CD00DE2CE8 /* AddressBookApp */ = {
			isa = PBXGroup;
			children = (
				FAD45AD6238924CD00DE2CE8 /* AppDelegate.swift */,
				FAD45AD8238924CD00DE2CE8 /* SceneDelegate.swift */,
				FAD45AEE2389478600DE2CE8 /* View Controllers */,
				FAD45AF1238947BA00DE2CE8 /* Views */,
				FAD45AF623894EE600DE2CE8 /* Common Code */,
				FAD45AFB2389540C00DE2CE8 /* Models */,
				FAD45AF3238947F400DE2CE8 /* Utils */,
				FAD45ADC238924CD00DE2CE8 /* Main.storyboard */,
				FAD45ADF238924D200DE2CE8 /* Assets.xcassets */,
				FAD45AE1238924D200DE2CE8 /* LaunchScreen.storyboard */,
				FAD45AE4238924D200DE2CE8 /* Info.plist */,
			);
			path = AddressBookApp;
			sourceTree = "<group>";
		};
		FAD45AEE2389478600DE2CE8 /* View Controllers */ = {
			isa = PBXGroup;
			children = (
				FAD45AEA2389426700DE2CE8 /* AddressBookViewController.swift */,
				FAC8217B238D009200ABDFFD /* ContactDataSource.swift */,
			);
			path = "View Controllers";
			sourceTree = "<group>";
		};
		FAD45AEF2389479200DE2CE8 /* Cell */ = {
			isa = PBXGroup;
			children = (
				FAD45AEC2389477E00DE2CE8 /* AddressCell.swift */,
			);
			path = Cell;
			sourceTree = "<group>";
		};
		FAD45AF1238947BA00DE2CE8 /* Views */ = {
			isa = PBXGroup;
			children = (
				FAD45AEF2389479200DE2CE8 /* Cell */,
			);
			path = Views;
			sourceTree = "<group>";
		};
		FAD45AF3238947F400DE2CE8 /* Utils */ = {
			isa = PBXGroup;
			children = (
				FAD45AF42389480E00DE2CE8 /* Cell+ReuseIdentifier.swift */,
			);
			path = Utils;
			sourceTree = "<group>";
		};
		FAD45AF623894EE600DE2CE8 /* Common Code */ = {
			isa = PBXGroup;
			children = (
				FAD45AF723894F0200DE2CE8 /* MGCContactStore.swift */,
			);
			path = "Common Code";
			sourceTree = "<group>";
		};
		FAD45AFB2389540C00DE2CE8 /* Models */ = {
			isa = PBXGroup;
			children = (
				FAD45AFC2389541900DE2CE8 /* Contact.swift */,
			);
			path = Models;
			sourceTree = "<group>";
		};
/* End PBXGroup section */

/* Begin PBXNativeTarget section */
		FAD45AD2238924CD00DE2CE8 /* AddressBookApp */ = {
			isa = PBXNativeTarget;
			buildConfigurationList = FAD45AE7238924D200DE2CE8 /* Build configuration list for PBXNativeTarget "AddressBookApp" */;
			buildPhases = (
				FAD45ACF238924CD00DE2CE8 /* Sources */,
				FAD45AD0238924CD00DE2CE8 /* Frameworks */,
				FAD45AD1238924CD00DE2CE8 /* Resources */,
			);
			buildRules = (
			);
			dependencies = (
			);
			name = AddressBookApp;
			productName = AddressBookApp;
			productReference = FAD45AD3238924CD00DE2CE8 /* AddressBookApp.app */;
			productType = "com.apple.product-type.application";
		};
/* End PBXNativeTarget section */

/* Begin PBXProject section */
		FAD45ACB238924CD00DE2CE8 /* Project object */ = {
			isa = PBXProject;
			attributes = {
				LastSwiftUpdateCheck = 1110;
				LastUpgradeCheck = 1110;
				ORGANIZATIONNAME = cmindy;
				TargetAttributes = {
					FAD45AD2238924CD00DE2CE8 = {
						CreatedOnToolsVersion = 11.1;
					};
				};
			};
			buildConfigurationList = FAD45ACE238924CD00DE2CE8 /* Build configuration list for PBXProject "AddressBookApp" */;
			compatibilityVersion = "Xcode 9.3";
			developmentRegion = en;
			hasScannedForEncodings = 0;
			knownRegions = (
				en,
				Base,
			);
			mainGroup = FAD45ACA238924CD00DE2CE8;
			productRefGroup = FAD45AD4238924CD00DE2CE8 /* Products */;
			projectDirPath = "";
			projectRoot = "";
			targets = (
				FAD45AD2238924CD00DE2CE8 /* AddressBookApp */,
			);
		};
/* End PBXProject section */

/* Begin PBXResourcesBuildPhase section */
		FAD45AD1238924CD00DE2CE8 /* Resources */ = {
			isa = PBXResourcesBuildPhase;
			buildActionMask = 2147483647;
			files = (
				FAD45AE3238924D200DE2CE8 /* LaunchScreen.storyboard in Resources */,
				FAD45AE0238924D200DE2CE8 /* Assets.xcassets in Resources */,
				FAD45ADE238924CD00DE2CE8 /* Main.storyboard in Resources */,
			);
			runOnlyForDeploymentPostprocessing = 0;
		};
/* End PBXResourcesBuildPhase section */

/* Begin PBXSourcesBuildPhase section */
		FAD45ACF238924CD00DE2CE8 /* Sources */ = {
			isa = PBXSourcesBuildPhase;
			buildActionMask = 2147483647;
			files = (
				FAD45AD7238924CD00DE2CE8 /* AppDelegate.swift in Sources */,
				FAC8217C238D009200ABDFFD /* ContactDataSource.swift in Sources */,
				FAD45AF52389480E00DE2CE8 /* Cell+ReuseIdentifier.swift in Sources */,
				FAD45AF823894F0200DE2CE8 /* MGCContactStore.swift in Sources */,
				FAD45AEB2389426700DE2CE8 /* AddressBookViewController.swift in Sources */,
				FAD45AED2389477E00DE2CE8 /* AddressCell.swift in Sources */,
				FAD45AFD2389541900DE2CE8 /* Contact.swift in Sources */,
				FAD45AD9238924CD00DE2CE8 /* SceneDelegate.swift in Sources */,
			);
			runOnlyForDeploymentPostprocessing = 0;
		};
/* End PBXSourcesBuildPhase section */

/* Begin PBXVariantGroup section */
		FAD45ADC238924CD00DE2CE8 /* Main.storyboard */ = {
			isa = PBXVariantGroup;
			children = (
				FAD45ADD238924CD00DE2CE8 /* Base */,
			);
			name = Main.storyboard;
			sourceTree = "<group>";
		};
		FAD45AE1238924D200DE2CE8 /* LaunchScreen.storyboard */ = {
			isa = PBXVariantGroup;
			children = (
				FAD45AE2238924D200DE2CE8 /* Base */,
			);
			name = LaunchScreen.storyboard;
			sourceTree = "<group>";
		};
/* End PBXVariantGroup section */

/* Begin XCBuildConfiguration section */
		FAD45AE5238924D200DE2CE8 /* Debug */ = {
			isa = XCBuildConfiguration;
			buildSettings = {
				ALWAYS_SEARCH_USER_PATHS = NO;
				CLANG_ANALYZER_NONNULL = YES;
				CLANG_ANALYZER_NUMBER_OBJECT_CONVERSION = YES_AGGRESSIVE;
				CLANG_CXX_LANGUAGE_STANDARD = "gnu++14";
				CLANG_CXX_LIBRARY = "libc++";
				CLANG_ENABLE_MODULES = YES;
				CLANG_ENABLE_OBJC_ARC = YES;
				CLANG_ENABLE_OBJC_WEAK = YES;
				CLANG_WARN_BLOCK_CAPTURE_AUTORELEASING = YES;
				CLANG_WARN_BOOL_CONVERSION = YES;
				CLANG_WARN_COMMA = YES;
				CLANG_WARN_CONSTANT_CONVERSION = YES;
				CLANG_WARN_DEPRECATED_OBJC_IMPLEMENTATIONS = YES;
				CLANG_WARN_DIRECT_OBJC_ISA_USAGE = YES_ERROR;
				CLANG_WARN_DOCUMENTATION_COMMENTS = YES;
				CLANG_WARN_EMPTY_BODY = YES;
				CLANG_WARN_ENUM_CONVERSION = YES;
				CLANG_WARN_INFINITE_RECURSION = YES;
				CLANG_WARN_INT_CONVERSION = YES;
				CLANG_WARN_NON_LITERAL_NULL_CONVERSION = YES;
				CLANG_WARN_OBJC_IMPLICIT_RETAIN_SELF = YES;
				CLANG_WARN_OBJC_LITERAL_CONVERSION = YES;
				CLANG_WARN_OBJC_ROOT_CLASS = YES_ERROR;
				CLANG_WARN_RANGE_LOOP_ANALYSIS = YES;
				CLANG_WARN_STRICT_PROTOTYPES = YES;
				CLANG_WARN_SUSPICIOUS_MOVE = YES;
				CLANG_WARN_UNGUARDED_AVAILABILITY = YES_AGGRESSIVE;
				CLANG_WARN_UNREACHABLE_CODE = YES;
				CLANG_WARN__DUPLICATE_METHOD_MATCH = YES;
				COPY_PHASE_STRIP = NO;
				DEBUG_INFORMATION_FORMAT = dwarf;
				ENABLE_STRICT_OBJC_MSGSEND = YES;
				ENABLE_TESTABILITY = YES;
				GCC_C_LANGUAGE_STANDARD = gnu11;
				GCC_DYNAMIC_NO_PIC = NO;
				GCC_NO_COMMON_BLOCKS = YES;
				GCC_OPTIMIZATION_LEVEL = 0;
				GCC_PREPROCESSOR_DEFINITIONS = (
					"DEBUG=1",
					"$(inherited)",
				);
				GCC_WARN_64_TO_32_BIT_CONVERSION = YES;
				GCC_WARN_ABOUT_RETURN_TYPE = YES_ERROR;
				GCC_WARN_UNDECLARED_SELECTOR = YES;
				GCC_WARN_UNINITIALIZED_AUTOS = YES_AGGRESSIVE;
				GCC_WARN_UNUSED_FUNCTION = YES;
				GCC_WARN_UNUSED_VARIABLE = YES;
				IPHONEOS_DEPLOYMENT_TARGET = 13.1;
				MTL_ENABLE_DEBUG_INFO = INCLUDE_SOURCE;
				MTL_FAST_MATH = YES;
				ONLY_ACTIVE_ARCH = YES;
				SDKROOT = iphoneos;
				SWIFT_ACTIVE_COMPILATION_CONDITIONS = DEBUG;
				SWIFT_OPTIMIZATION_LEVEL = "-Onone";
			};
			name = Debug;
		};
		FAD45AE6238924D200DE2CE8 /* Release */ = {
			isa = XCBuildConfiguration;
			buildSettings = {
				ALWAYS_SEARCH_USER_PATHS = NO;
				CLANG_ANALYZER_NONNULL = YES;
				CLANG_ANALYZER_NUMBER_OBJECT_CONVERSION = YES_AGGRESSIVE;
				CLANG_CXX_LANGUAGE_STANDARD = "gnu++14";
				CLANG_CXX_LIBRARY = "libc++";
				CLANG_ENABLE_MODULES = YES;
				CLANG_ENABLE_OBJC_ARC = YES;
				CLANG_ENABLE_OBJC_WEAK = YES;
				CLANG_WARN_BLOCK_CAPTURE_AUTORELEASING = YES;
				CLANG_WARN_BOOL_CONVERSION = YES;
				CLANG_WARN_COMMA = YES;
				CLANG_WARN_CONSTANT_CONVERSION = YES;
				CLANG_WARN_DEPRECATED_OBJC_IMPLEMENTATIONS = YES;
				CLANG_WARN_DIRECT_OBJC_ISA_USAGE = YES_ERROR;
				CLANG_WARN_DOCUMENTATION_COMMENTS = YES;
				CLANG_WARN_EMPTY_BODY = YES;
				CLANG_WARN_ENUM_CONVERSION = YES;
				CLANG_WARN_INFINITE_RECURSION = YES;
				CLANG_WARN_INT_CONVERSION = YES;
				CLANG_WARN_NON_LITERAL_NULL_CONVERSION = YES;
				CLANG_WARN_OBJC_IMPLICIT_RETAIN_SELF = YES;
				CLANG_WARN_OBJC_LITERAL_CONVERSION = YES;
				CLANG_WARN_OBJC_ROOT_CLASS = YES_ERROR;
				CLANG_WARN_RANGE_LOOP_ANALYSIS = YES;
				CLANG_WARN_STRICT_PROTOTYPES = YES;
				CLANG_WARN_SUSPICIOUS_MOVE = YES;
				CLANG_WARN_UNGUARDED_AVAILABILITY = YES_AGGRESSIVE;
				CLANG_WARN_UNREACHABLE_CODE = YES;
				CLANG_WARN__DUPLICATE_METHOD_MATCH = YES;
				COPY_PHASE_STRIP = NO;
				DEBUG_INFORMATION_FORMAT = "dwarf-with-dsym";
				ENABLE_NS_ASSERTIONS = NO;
				ENABLE_STRICT_OBJC_MSGSEND = YES;
				GCC_C_LANGUAGE_STANDARD = gnu11;
				GCC_NO_COMMON_BLOCKS = YES;
				GCC_WARN_64_TO_32_BIT_CONVERSION = YES;
				GCC_WARN_ABOUT_RETURN_TYPE = YES_ERROR;
				GCC_WARN_UNDECLARED_SELECTOR = YES;
				GCC_WARN_UNINITIALIZED_AUTOS = YES_AGGRESSIVE;
				GCC_WARN_UNUSED_FUNCTION = YES;
				GCC_WARN_UNUSED_VARIABLE = YES;
				IPHONEOS_DEPLOYMENT_TARGET = 13.1;
				MTL_ENABLE_DEBUG_INFO = NO;
				MTL_FAST_MATH = YES;
				SDKROOT = iphoneos;
				SWIFT_COMPILATION_MODE = wholemodule;
				SWIFT_OPTIMIZATION_LEVEL = "-O";
				VALIDATE_PRODUCT = YES;
			};
			name = Release;
		};
		FAD45AE8238924D200DE2CE8 /* Debug */ = {
			isa = XCBuildConfiguration;
			buildSettings = {
				ASSETCATALOG_COMPILER_APPICON_NAME = AppIcon;
				CODE_SIGN_STYLE = Automatic;
				DEVELOPMENT_TEAM = 7RXS7SV267;
				INFOPLIST_FILE = AddressBookApp/Info.plist;
				LD_RUNPATH_SEARCH_PATHS = (
					"$(inherited)",
					"@executable_path/Frameworks",
				);
				PRODUCT_BUNDLE_IDENTIFIER = com.cmindy.AddressBookApp;
				PRODUCT_NAME = "$(TARGET_NAME)";
				SWIFT_VERSION = 5.0;
				TARGETED_DEVICE_FAMILY = "1,2";
			};
			name = Debug;
		};
		FAD45AE9238924D200DE2CE8 /* Release */ = {
			isa = XCBuildConfiguration;
			buildSettings = {
				ASSETCATALOG_COMPILER_APPICON_NAME = AppIcon;
				CODE_SIGN_STYLE = Automatic;
				DEVELOPMENT_TEAM = 7RXS7SV267;
				INFOPLIST_FILE = AddressBookApp/Info.plist;
				LD_RUNPATH_SEARCH_PATHS = (
					"$(inherited)",
					"@executable_path/Frameworks",
				);
				PRODUCT_BUNDLE_IDENTIFIER = com.cmindy.AddressBookApp;
				PRODUCT_NAME = "$(TARGET_NAME)";
				SWIFT_VERSION = 5.0;
				TARGETED_DEVICE_FAMILY = "1,2";
			};
			name = Release;
		};
/* End XCBuildConfiguration section */

/* Begin XCConfigurationList section */
		FAD45ACE238924CD00DE2CE8 /* Build configuration list for PBXProject "AddressBookApp" */ = {
			isa = XCConfigurationList;
			buildConfigurations = (
				FAD45AE5238924D200DE2CE8 /* Debug */,
				FAD45AE6238924D200DE2CE8 /* Release */,
			);
			defaultConfigurationIsVisible = 0;
			defaultConfigurationName = Release;
		};
		FAD45AE7238924D200DE2CE8 /* Build configuration list for PBXNativeTarget "AddressBookApp" */ = {
			isa = XCConfigurationList;
			buildConfigurations = (
				FAD45AE8238924D200DE2CE8 /* Debug */,
				FAD45AE9238924D200DE2CE8 /* Release */,
			);
			defaultConfigurationIsVisible = 0;
			defaultConfigurationName = Release;
		};
/* End XCConfigurationList section */
	};
	rootObject = FAD45ACB238924CD00DE2CE8 /* Project object */;
}
